
Microsoft Visual Studio Solution File, Format Version 12.00
# Visual Studio Version 16
VisualStudioVersion = 16.0.29503.13
MinimumVisualStudioVersion = 10.0.40219.1
Project("{FAE04EC0-301F-11D3-BF4B-00C04F79EFBC}") = "XGame.Domain", "XGame.Domain\XGame.Domain.csproj", "{7E2B04F3-CE06-47A9-B0FB-61DE357EEB42}"
EndProject
Project("{FAE04EC0-301F-11D3-BF4B-00C04F79EFBC}") = "XGameTesteService", "XGameTesteService\XGameTesteService.csproj", "{0C248799-20A4-4666-809D-DC47B68FD321}"
EndProject
Global
	GlobalSection(SolutionConfigurationPlatforms) = preSolution
		Debug|Any CPU = Debug|Any CPU
		Release|Any CPU = Release|Any CPU
	EndGlobalSection
	GlobalSection(ProjectConfigurationPlatforms) = postSolution
		{7E2B04F3-CE06-47A9-B0FB-61DE357EEB42}.Debug|Any CPU.ActiveCfg = Debug|Any CPU
		{7E2B04F3-CE06-47A9-B0FB-61DE357EEB42}.Debug|Any CPU.Build.0 = Debug|Any CPU
		{7E2B04F3-CE06-47A9-B0FB-61DE357EEB42}.Release|Any CPU.ActiveCfg = Release|Any CPU
		{7E2B04F3-CE06-47A9-B0FB-61DE357EEB42}.Release|Any CPU.Build.0 = Release|Any CPU
		{0C248799-20A4-4666-809D-DC47B68FD321}.Debug|Any CPU.ActiveCfg = Debug|Any CPU
		{0C248799-20A4-4666-809D-DC47B68FD321}.Debug|Any CPU.Build.0 = Debug|Any CPU
		{0C248799-20A4-4666-809D-DC47B68FD321}.Release|Any CPU.ActiveCfg = Release|Any CPU
		{0C248799-20A4-4666-809D-DC47B68FD321}.Release|Any CPU.Build.0 = Release|Any CPU
	EndGlobalSection
	GlobalSection(SolutionProperties) = preSolution
		HideSolutionNode = FALSE
	EndGlobalSection
	GlobalSection(ExtensibilityGlobals) = postSolution
		SolutionGuid = {32B4ADE1-4766-494A-A6B8-41BAD39649D0}
	EndGlobalSection
EndGlobal
